version = 1
revision = 3
requires-python = ">=3.14"
resolution-markers = [
    "sys_platform == 'win32'",
    "sys_platform == 'emscripten'",
    "sys_platform != 'emscripten' and sys_platform != 'win32'",
]

[[package]]
name = "adbc-driver-manager"
version = "1.11.0"
source = { registry = "https://pypi.org/simple" }
dependencies = [
    { name = "typing-extensions" },
]
sdist = { url = "https://files.pythonhosted.org/packages/e9/5e/50aab18cb501e42d3aca3cd2cc26c6637094fcaf5b6576e350c444188f1f/adbc_driver_manager-1.11.0.tar.gz", hash = "sha256:c64aaabeb5810109ab3d2961008f1b014e9f2d87b3df4416c2a080a40237af50", size = 233059, upload-time = "2026-04-07T00:17:28.263Z" }
wheels = [
    { url = "https://files.pythonhosted.org/packages/73/98/7a94f2aa7dbf470d4933a059bd66ee830fcea64422f95513dc9ab5fab910/adbc_driver_manager-1.11.0-cp314-cp314-macosx_10_15_x86_64.whl", hash = "sha256:f6fcd6fe4f82f8f2fc83948ed2b0b549d0831253d449f5734603cc03850e4f47", size = 609370, upload-time = "2026-04-07T00:16:18.336Z" },
    { url = "https://files.pythonhosted.org/packages/fa/c3/bd62e3094a07bb5a3eebd4e185953df02e1b3582091872457899a1a12d74/adbc_driver_manager-1.11.0-cp314-cp314-macosx_11_0_arm64.whl", hash = "sha256:4b4293fc88d0683b6ea9fe1b7d7498c5ae9b4f53a93369c760cfa753a22039c0", size = 585560, upload-time = "2026-04-07T00:16:20.566Z" },
    { url = "https://files.pythonhosted.org/packages/19/6c/4aabac7ed4d5944f544b7cf7881d50fe4b34eac908605291b633a53be875/adbc_driver_manager-1.11.0-cp314-cp314-manylinux_2_26_aarch64.manylinux_2_28_aarch64.whl", hash = "sha256:5a2d6d1971ce104e41e3969afee8d5782ebcb06bf496606aa4eed2005fbead43", size = 4668783, upload-time = "2026-04-07T00:16:23.798Z" },
    { url = "https://files.pythonhosted.org/packages/47/67/3bf52e5ec427b0b88cbaa8e059b6c79851db0742db712a5f58a0e3f666be/adbc_driver_manager-1.11.0-cp314-cp314-manylinux_2_27_x86_64.manylinux_2_28_x86_64.whl", hash = "sha256:24ef0e33bab3b0480e85d954f88664b578ea045efdc644681c5a487982818e5f", size = 4735326, upload-time = "2026-04-07T00:16:27.348Z" },
    { url = "https://files.pythonhosted.org/packages/33/64/5247eb91f9902e7111bf7a75c1af4da7a1818e31a26a754d97d0f0df7dcb/adbc_driver_manager-1.11.0-cp314-cp314-win_amd64.whl", hash = "sha256:830efd3f212a6360ad66c09fd95171a26a1006a51c893f72238dfb50e0f35e13", size = 789628, upload-time = "2026-04-07T00:16:42.101Z" },
    { url = "https://files.pythonhosted.org/packages/5f/57/9186febf1a550f7d8935aa9842bffbe3ff9848de2bdef066acd6a86f5bf8/adbc_driver_manager-1.11.0-cp314-cp314t-macosx_10_15_x86_64.whl", hash = "sha256:b5e97d4cb3f5a798e18c802dd1f3d1bf7b77d763cdc707ac295907bf223d1ae8", size = 626086, upload-time = "2026-04-07T00:16:29.184Z" },
    { url = "https://files.pythonhosted.org/packages/11/53/6e988bfbf8292cbf59b663e1e3ba6efe94f703c74061f8c0d2b182963899/adbc_driver_manager-1.11.0-cp314-cp314t-macosx_11_0_arm64.whl", hash = "sha256:2e4e155cae12667aa383750d879e177ada3ab0c351f8306d96e33fbe6949f6f4", size = 604608, upload-time = "2026-04-07T00:16:31.14Z" },
    { url = "https://files.pythonhosted.org/packages/33/d6/e9cb77e9840b12382da49cc22a93c224d9607969b76b0062bf6114119f61/adbc_driver_manager-1.11.0-cp314-cp314t-manylinux_2_26_aarch64.manylinux_2_28_aarch64.whl", hash = "sha256:dfb736661f95eb8fc185a4b9951b2e61734633c7448e8d3d937e93ef1d9e5c08", size = 4738703, upload-time = "2026-04-07T00:16:34.416Z" },
    { url = "https://files.pythonhosted.org/packages/c0/b3/c1b800c313e4e2cb7bec4a5334d4c89329eb021317c9fb3e3794a49e02d0/adbc_driver_manager-1.11.0-cp314-cp314t-manylinux_2_27_x86_64.manylinux_2_28_x86_64.whl", hash = "sha256:e87a6f2b70baf21d3c52b280a17e2e8516197a4670b9a080a07dd255f2ab6e9d", size = 4778585, upload-time = "2026-04-07T00:16:37.775Z" },
    { url = "https://files.pythonhosted.org/packages/04/3d/dc32f50d0ad1d748461422c7a6cad2a49b778aa4fdcbebe08e38789d7898/adbc_driver_manager-1.11.0-cp314-cp314t-win_amd64.whl", hash = "sha256:b853e613c6c8afbe7a3fcea0098c88b935a4d1e1b046813aed1fe7363c7b8fc7", size = 830178, upload-time = "2026-04-07T00:16:40.247Z" },
]

[[package]]
name = "asttokens"
version = "3.0.1"
source = { registry = "https://pypi.org/simple" }
sdist = { url = "https://files.pythonhosted.org/packages/be/a5/8e3f9b6771b0b408517c82d97aed8f2036509bc247d46114925e32fe33f0/asttokens-3.0.1.tar.gz", hash = "sha256:71a4ee5de0bde6a31d64f6b13f2293ac190344478f081c3d1bccfcf5eacb0cb7", size = 62308, upload-time = "2025-11-15T16:43:48.578Z" }
wheels = [
    { url = "https://files.pythonhosted.org/packages/d2/39/e7eaf1799466a4aef85b6a4fe7bd175ad2b1c6345066aa33f1f58d4b18d0/asttokens-3.0.1-py3-none-any.whl", hash = "sha256:15a3ebc0f43c2d0a50eeafea25e19046c68398e487b9f1f5b517f7c0f40f976a", size = 27047, upload-time = "2025-11-15T16:43:16.109Z" },
]

[[package]]
name = "boto3"
version = "1.42.88"
source = { registry = "https://pypi.org/simple" }
dependencies = [
    { name = "botocore" },
    { name = "jmespath" },
    { name = "s3transfer" },
]
sdist = { url = "https://files.pythonhosted.org/packages/da/bb/7d4435cca6fccf235dd40c891c731bcb9078e815917b57ebadd1e0ffabaf/boto3-1.42.88.tar.gz", hash = "sha256:2d22c70de5726918676a06f1a03acfb4d5d9ea92fc759354800b67b22aaeef19", size = 113238, upload-time = "2026-04-10T19:41:06.912Z" }
wheels = [
    { url = "https://files.pythonhosted.org/packages/0a/2b/8bfddb39a19f5fbc16a869f1a394771e6223f07160dbc0ff6b38e05ea0ae/boto3-1.42.88-py3-none-any.whl", hash = "sha256:2d0f52c971503377e4370d2a83edee6f077ddb8e684366ff38df4f13581d9cfc", size = 140557, upload-time = "2026-04-10T19:41:05.309Z" },
]

[[package]]
name = "botocore"
version = "1.42.88"
source = { registry = "https://pypi.org/simple" }
dependencies = [
    { name = "jmespath" },
    { name = "python-dateutil" },
    { name = "urllib3" },
]
sdist = { url = "https://files.pythonhosted.org/packages/93/50/87966238f7aa3f7e5f87081185d5a407a95ede8b551e11bbe134ca3306dc/botocore-1.42.88.tar.gz", hash = "sha256:cbb59ee464662039b0c2c95a520cdf85b1e8ce00b72375ab9cd9f842cc001301", size = 15195331, upload-time = "2026-04-10T19:40:57.012Z" }
wheels = [
    { url = "https://files.pythonhosted.org/packages/2a/46/ad14e41245adb8b0c83663ba13e822b68a0df08999dd250e75b0750fdf6c/botocore-1.42.88-py3-none-any.whl", hash = "sha256:032375b213305b6b81eedb269eaeefdf96f674620799bbf96117dca86052cc1a", size = 14876640, upload-time = "2026-04-10T19:40:53.663Z" },
]

[[package]]
name = "colorama"
version = "0.4.6"
source = { registry = "https://pypi.org/simple" }
sdist = { url = "https://files.pythonhosted.org/packages/d8/53/6f443c9a4a8358a93a6792e2acffb9d9d5cb0a5cfd8802644b7b1c9a02e4/colorama-0.4.6.tar.gz", hash = "sha256:08695f5cb7ed6e0531a20572697297273c47b8cae5a63ffc6d6ed5c201be6e44", size = 27697, upload-time = "2022-10-25T02:36:22.414Z" }
wheels = [
    { url = "https://files.pythonhosted.org/packages/d1/d6/3965ed04c63042e047cb6a3e6ed1a63a35087b6a609aa3a15ed8ac56c221/colorama-0.4.6-py2.py3-none-any.whl", hash = "sha256:4f1d9991f5acc0ca119f9d443620b77f9d6b33703e51011c16baf57afb285fc6", size = 25335, upload-time = "2022-10-25T02:36:20.889Z" },
]

[[package]]
name = "decorator"
version = "5.2.1"
source = { registry = "https://pypi.org/simple" }
sdist = { url = "https://files.pythonhosted.org/packages/43/fa/6d96a0978d19e17b68d634497769987b16c8f4cd0a7a05048bec693caa6b/decorator-5.2.1.tar.gz", hash = "sha256:65f266143752f734b0a7cc83c46f4618af75b8c5911b00ccb61d0ac9b6da0360", size = 56711, upload-time = "2025-02-24T04:41:34.073Z" }
wheels = [
    { url = "https://files.pythonhosted.org/packages/4e/8c/f3147f5c4b73e7550fe5f9352eaa956ae838d5c51eb58e7a25b9f3e2643b/decorator-5.2.1-py3-none-any.whl", hash = "sha256:d316bb415a2d9e2d2b3abcc4084c6502fc09240e292cd76a76afc106a1c8e04a", size = 9190, upload-time = "2025-02-24T04:41:32.565Z" },
]

[[package]]
name = "duckdb"
version = "1.5.1"
source = { registry = "https://pypi.org/simple" }
sdist = { url = "https://files.pythonhosted.org/packages/ae/62/590caabec6c41003f46a244b6fd707d35ca2e552e0c70cbf454e08bf6685/duckdb-1.5.1.tar.gz", hash = "sha256:b370d1620a34a4538ef66524fcee9de8171fa263c701036a92bc0b4c1f2f9c6d", size = 17995082, upload-time = "2026-03-23T12:12:15.894Z" }
wheels = [
    { url = "https://files.pythonhosted.org/packages/ad/75/e9e7893542ca738bcde2d41d459e3438950219c71c57ad28b049dc2ae616/duckdb-1.5.1-cp314-cp314-macosx_10_15_universal2.whl", hash = "sha256:eba81e0b3011c1f23df7ea47ef4ffaa8239817959ae291515b6efd068bde2161", size = 30123677, upload-time = "2026-03-23T12:11:51.511Z" },
    { url = "https://files.pythonhosted.org/packages/df/db/f7420ee7109a922124c02f377ae1c56156e9e4aa434f4726848adaef0219/duckdb-1.5.1-cp314-cp314-macosx_10_15_x86_64.whl", hash = "sha256:afab8b4b1f4469c3879bb049dd039f8fce402712050324e9524a43d7324c5e87", size = 15996808, upload-time = "2026-03-23T12:11:54.964Z" },
    { url = "https://files.pythonhosted.org/packages/df/57/2c4c3de1f1110417592741863ba58b4eca2f7690a421712762ddbdcd72e6/duckdb-1.5.1-cp314-cp314-macosx_11_0_arm64.whl", hash = "sha256:71dddcebbc5a70e946a06c30b59b5dd7999c9833d307168f90fb4e4b672ab63e", size = 14248990, upload-time = "2026-03-23T12:11:58.576Z" },
    { url = "https://files.pythonhosted.org/packages/2b/81/e173b33ffac53124a3e39e97fb60a538f26651a0df6e393eb9bf7540126c/duckdb-1.5.1-cp314-cp314-manylinux_2_26_aarch64.manylinux_2_28_aarch64.whl", hash = "sha256:ac2804043bd1bc10b5da18f8f4c706877197263a510c41be9b4c0062f5783dcc", size = 19276013, upload-time = "2026-03-23T12:12:02.034Z" },
    { url = "https://files.pythonhosted.org/packages/d4/4c/47e838393aa90d3d78549c8c04cb09452efeb14aaae0ee24dc0bd61c3a41/duckdb-1.5.1-cp314-cp314-manylinux_2_26_x86_64.manylinux_2_28_x86_64.whl", hash = "sha256:8843bd9594e1387f1e601439e19ad73abdf57356104fd1e53a708255bb95a13d", size = 21387569, upload-time = "2026-03-23T12:12:05.693Z" },
    { url = "https://files.pythonhosted.org/packages/f4/9b/ce65743e0e85f5c984d2f7e8a81bc908d0bac345d6d8b6316436b29430e7/duckdb-1.5.1-cp314-cp314-win_amd64.whl", hash = "sha256:d68c5a01a283cb13b79eafe016fe5869aa11bff8c46e7141c70aa0aac808010f", size = 13603876, upload-time = "2026-03-23T12:12:09.344Z" },
    { url = "https://files.pythonhosted.org/packages/e6/ac/f9e4e731635192571f86f52d86234f537c7f8ca4f6917c56b29051c077ef/duckdb-1.5.1-cp314-cp314-win_arm64.whl", hash = "sha256:a3be2072315982e232bfe49c9d3db0a59ba67b2240a537ef42656cc772a887c7", size = 14370790, upload-time = "2026-03-23T12:12:12.497Z" },
]

[package.optional-dependencies]
all = [
    { name = "adbc-driver-manager" },
    { name = "fsspec" },
    { name = "ipython" },
    { name = "numpy" },
    { name = "pandas" },
    { name = "pyarrow" },
]

[[package]]
name = "executing"
version = "2.2.1"
source = { registry = "https://pypi.org/simple" }
sdist = { url = "https://files.pythonhosted.org/packages/cc/28/c14e053b6762b1044f34a13aab6859bbf40456d37d23aa286ac24cfd9a5d/executing-2.2.1.tar.gz", hash = "sha256:3632cc370565f6648cc328b32435bd120a1e4ebb20c77e3fdde9a13cd1e533c4", size = 1129488, upload-time = "2025-09-01T09:48:10.866Z" }
wheels = [
    { url = "https://files.pythonhosted.org/packages/c1/ea/53f2148663b321f21b5a606bd5f191517cf40b7072c0497d3c92c4a13b1e/executing-2.2.1-py2.py3-none-any.whl", hash = "sha256:760643d3452b4d777d295bb167ccc74c64a81df23fb5e08eff250c425a4b2017", size = 28317, upload-time = "2025-09-01T09:48:08.5Z" },
]

[[package]]
name = "fsspec"
version = "2026.3.0"
source = { registry = "https://pypi.org/simple" }
sdist = { url = "https://files.pythonhosted.org/packages/e1/cf/b50ddf667c15276a9ab15a70ef5f257564de271957933ffea49d2cdbcdfb/fsspec-2026.3.0.tar.gz", hash = "sha256:1ee6a0e28677557f8c2f994e3eea77db6392b4de9cd1f5d7a9e87a0ae9d01b41", size = 313547, upload-time = "2026-03-27T19:11:14.892Z" }
wheels = [
    { url = "https://files.pythonhosted.org/packages/d5/1f/5f4a3cd9e4440e9d9bc78ad0a91a1c8d46b4d429d5239ebe6793c9fe5c41/fsspec-2026.3.0-py3-none-any.whl", hash = "sha256:d2ceafaad1b3457968ed14efa28798162f1638dbb5d2a6868a2db002a5ee39a4", size = 202595, upload-time = "2026-03-27T19:11:13.595Z" },
]

[[package]]
name = "ipython"
version = "9.12.0"
source = { registry = "https://pypi.org/simple" }
dependencies = [
    { name = "colorama", marker = "sys_platform == 'win32'" },
    { name = "decorator" },
    { name = "ipython-pygments-lexers" },
    { name = "jedi" },
    { name = "matplotlib-inline" },
    { name = "pexpect", marker = "sys_platform != 'emscripten' and sys_platform != 'win32'" },
    { name = "prompt-toolkit" },
    { name = "pygments" },
    { name = "stack-data" },
    { name = "traitlets" },
]
sdist = { url = "https://files.pythonhosted.org/packages/3a/73/7114f80a8f9cabdb13c27732dce24af945b2923dcab80723602f7c8bc2d8/ipython-9.12.0.tar.gz", hash = "sha256:01daa83f504b693ba523b5a407246cabde4eb4513285a3c6acaff11a66735ee4", size = 4428879, upload-time = "2026-03-27T09:42:45.312Z" }
wheels = [
    { url = "https://files.pythonhosted.org/packages/59/22/906c8108974c673ebef6356c506cebb6870d48cedea3c41e949e2dd556bb/ipython-9.12.0-py3-none-any.whl", hash = "sha256:0f2701e8ee86e117e37f50563205d36feaa259d2e08d4a6bc6b6d74b18ce128d", size = 625661, upload-time = "2026-03-27T09:42:42.831Z" },
]

[[package]]
name = "ipython-pygments-lexers"
version = "1.1.1"
source = { registry = "https://pypi.org/simple" }
dependencies = [
    { name = "pygments" },
]
sdist = { url = "https://files.pythonhosted.org/packages/ef/4c/5dd1d8af08107f88c7f741ead7a40854b8ac24ddf9ae850afbcf698aa552/ipython_pygments_lexers-1.1.1.tar.gz", hash = "sha256:09c0138009e56b6854f9535736f4171d855c8c08a563a0dcd8022f78355c7e81", size = 8393, upload-time = "2025-01-17T11:24:34.505Z" }
wheels = [
    { url = "https://files.pythonhosted.org/packages/d9/33/1f075bf72b0b747cb3288d011319aaf64083cf2efef8354174e3ed4540e2/ipython_pygments_lexers-1.1.1-py3-none-any.whl", hash = "sha256:a9462224a505ade19a605f71f8fa63c2048833ce50abc86768a0d81d876dc81c", size = 8074, upload-time = "2025-01-17T11:24:33.271Z" },
]

[[package]]
name = "jedi"
version = "0.19.2"
source = { registry = "https://pypi.org/simple" }
dependencies = [
    { name = "parso" },
]
sdist = { url = "https://files.pythonhosted.org/packages/72/3a/79a912fbd4d8dd6fbb02bf69afd3bb72cf0c729bb3063c6f4498603db17a/jedi-0.19.2.tar.gz", hash = "sha256:4770dc3de41bde3966b02eb84fbcf557fb33cce26ad23da12c742fb50ecb11f0", size = 1231287, upload-time = "2024-11-11T01:41:42.873Z" }
wheels = [
    { url = "https://files.pythonhosted.org/packages/c0/5a/9cac0c82afec3d09ccd97c8b6502d48f165f9124db81b4bcb90b4af974ee/jedi-0.19.2-py2.py3-none-any.whl", hash = "sha256:a8ef22bde8490f57fe5c7681a3c83cb58874daf72b4784de3cce5b6ef6edb5b9", size = 1572278, upload-time = "2024-11-11T01:41:40.175Z" },
]

[[package]]
name = "jmespath"
version = "1.1.0"
source = { registry = "https://pypi.org/simple" }
sdist = { url = "https://files.pythonhosted.org/packages/d3/59/322338183ecda247fb5d1763a6cbe46eff7222eaeebafd9fa65d4bf5cb11/jmespath-1.1.0.tar.gz", hash = "sha256:472c87d80f36026ae83c6ddd0f1d05d4e510134ed462851fd5f754c8c3cbb88d", size = 27377, upload-time = "2026-01-22T16:35:26.279Z" }
wheels = [
    { url = "https://files.pythonhosted.org/packages/14/2f/967ba146e6d58cf6a652da73885f52fc68001525b4197effc174321d70b4/jmespath-1.1.0-py3-none-any.whl", hash = "sha256:a5663118de4908c91729bea0acadca56526eb2698e83de10cd116ae0f4e97c64", size = 20419, upload-time = "2026-01-22T16:35:24.919Z" },
]

[[package]]
name = "matplotlib-inline"
version = "0.2.1"
source = { registry = "https://pypi.org/simple" }
dependencies = [
    { name = "traitlets" },
]
sdist = { url = "https://files.pythonhosted.org/packages/c7/74/97e72a36efd4ae2bccb3463284300f8953f199b5ffbc04cbbb0ec78f74b1/matplotlib_inline-0.2.1.tar.gz", hash = "sha256:e1ee949c340d771fc39e241ea75683deb94762c8fa5f2927ec57c83c4dffa9fe", size = 8110, upload-time = "2025-10-23T09:00:22.126Z" }
wheels = [
    { url = "https://files.pythonhosted.org/packages/af/33/ee4519fa02ed11a94aef9559552f3b17bb863f2ecfe1a35dc7f548cde231/matplotlib_inline-0.2.1-py3-none-any.whl", hash = "sha256:d56ce5156ba6085e00a9d54fead6ed29a9c47e215cd1bba2e976ef39f5710a76", size = 9516, upload-time = "2025-10-23T09:00:20.675Z" },
]

[[package]]
name = "numpy"
version = "2.4.4"
source = { registry = "https://pypi.org/simple" }
sdist = { url = "https://files.pythonhosted.org/packages/d7/9f/b8cef5bffa569759033adda9481211426f12f53299629b410340795c2514/numpy-2.4.4.tar.gz", hash = "sha256:2d390634c5182175533585cc89f3608a4682ccb173cc9bb940b2881c8d6f8fa0", size = 20731587, upload-time = "2026-03-29T13:22:01.298Z" }
wheels = [
    { url = "https://files.pythonhosted.org/packages/6e/06/c54062f85f673dd5c04cbe2f14c3acb8c8b95e3384869bb8cc9bff8cb9df/numpy-2.4.4-cp314-cp314-macosx_10_15_x86_64.whl", hash = "sha256:f169b9a863d34f5d11b8698ead99febeaa17a13ca044961aa8e2662a6c7766a0", size = 16684353, upload-time = "2026-03-29T13:20:29.504Z" },
    { url = "https://files.pythonhosted.org/packages/4c/39/8a320264a84404c74cc7e79715de85d6130fa07a0898f67fb5cd5bd79908/numpy-2.4.4-cp314-cp314-macosx_11_0_arm64.whl", hash = "sha256:2483e4584a1cb3092da4470b38866634bafb223cbcd551ee047633fd2584599a", size = 14704914, upload-time = "2026-03-29T13:20:33.547Z" },
    { url = "https://files.pythonhosted.org/packages/91/fb/287076b2614e1d1044235f50f03748f31fa287e3dbe6abeb35cdfa351eca/numpy-2.4.4-cp314-cp314-macosx_14_0_arm64.whl", hash = "sha256:2d19e6e2095506d1736b7d80595e0f252d76b89f5e715c35e06e937679ea7d7a", size = 5210005, upload-time = "2026-03-29T13:20:36.45Z" },
    { url = "https://files.pythonhosted.org/packages/63/eb/fcc338595309910de6ecabfcef2419a9ce24399680bfb149421fa2df1280/numpy-2.4.4-cp314-cp314-macosx_14_0_x86_64.whl", hash = "sha256:6a246d5914aa1c820c9443ddcee9c02bec3e203b0c080349533fae17727dfd1b", size = 6544974, upload-time = "2026-03-29T13:20:39.014Z" },
    { url = "https://files.pythonhosted.org/packages/44/5d/e7e9044032a716cdfaa3fba27a8e874bf1c5f1912a1ddd4ed071bf8a14a6/numpy-2.4.4-cp314-cp314-manylinux_2_27_aarch64.manylinux_2_28_aarch64.whl", hash = "sha256:989824e9faf85f96ec9c7761cd8d29c531ad857bfa1daa930cba85baaecf1a9a", size = 15684591, upload-time = "2026-03-29T13:20:42.146Z" },
    { url = "https://files.pythonhosted.org/packages/98/7c/21252050676612625449b4807d6b695b9ce8a7c9e1c197ee6216c8a65c7c/numpy-2.4.4-cp314-cp314-manylinux_2_27_x86_64.manylinux_2_28_x86_64.whl", hash = "sha256:27a8d92cd10f1382a67d7cf4db7ce18341b66438bdd9f691d7b0e48d104c2a9d", size = 16637700, upload-time = "2026-03-29T13:20:46.204Z" },
    { url = "https://files.pythonhosted.org/packages/b1/29/56d2bbef9465db24ef25393383d761a1af4f446a1df9b8cded4fe3a5a5d7/numpy-2.4.4-cp314-cp314-musllinux_1_2_aarch64.whl", hash = "sha256:e44319a2953c738205bf3354537979eaa3998ed673395b964c1176083dd46252", size = 17035781, upload-time = "2026-03-29T13:20:50.242Z" },
    { url = "https://files.pythonhosted.org/packages/e3/2b/a35a6d7589d21f44cea7d0a98de5ddcbb3d421b2622a5c96b1edf18707c3/numpy-2.4.4-cp314-cp314-musllinux_1_2_x86_64.whl", hash = "sha256:e892aff75639bbef0d2a2cfd55535510df26ff92f63c92cd84ef8d4ba5a5557f", size = 18362959, upload-time = "2026-03-29T13:20:54.019Z" },
    { url = "https://files.pythonhosted.org/packages/64/c9/d52ec581f2390e0f5f85cbfd80fb83d965fc15e9f0e1aec2195faa142cde/numpy-2.4.4-cp314-cp314-win32.whl", hash = "sha256:1378871da56ca8943c2ba674530924bb8ca40cd228358a3b5f302ad60cf875fc", size = 6008768, upload-time = "2026-03-29T13:20:56.912Z" },
    { url = "https://files.pythonhosted.org/packages/fa/22/4cc31a62a6c7b74a8730e31a4274c5dc80e005751e277a2ce38e675e4923/numpy-2.4.4-cp314-cp314-win_amd64.whl", hash = "sha256:715d1c092715954784bc79e1174fc2a90093dc4dc84ea15eb14dad8abdcdeb74", size = 12449181, upload-time = "2026-03-29T13:20:59.548Z" },
    { url = "https://files.pythonhosted.org/packages/70/2e/14cda6f4d8e396c612d1bf97f22958e92148801d7e4f110cabebdc0eef4b/numpy-2.4.4-cp314-cp314-win_arm64.whl", hash = "sha256:2c194dd721e54ecad9ad387c1d35e63dce5c4450c6dc7dd5611283dda239aabb", size = 10496035, upload-time = "2026-03-29T13:21:02.524Z" },
    { url = "https://files.pythonhosted.org/packages/b1/e8/8fed8c8d848d7ecea092dc3469643f9d10bc3a134a815a3b033da1d2039b/numpy-2.4.4-cp314-cp314t-macosx_11_0_arm64.whl", hash = "sha256:2aa0613a5177c264ff5921051a5719d20095ea586ca88cc802c5c218d1c67d3e", size = 14824958, upload-time = "2026-03-29T13:21:05.671Z" },
    { url = "https://files.pythonhosted.org/packages/05/1a/d8007a5138c179c2bf33ef44503e83d70434d2642877ee8fbb230e7c0548/numpy-2.4.4-cp314-cp314t-macosx_14_0_arm64.whl", hash = "sha256:42c16925aa5a02362f986765f9ebabf20de75cdefdca827d14315c568dcab113", size = 5330020, upload-time = "2026-03-29T13:21:08.635Z" },
    { url = "https://files.pythonhosted.org/packages/99/64/ffb99ac6ae93faf117bcbd5c7ba48a7f45364a33e8e458545d3633615dda/numpy-2.4.4-cp314-cp314t-macosx_14_0_x86_64.whl", hash = "sha256:874f200b2a981c647340f841730fc3a2b54c9d940566a3c4149099591e2c4c3d", size = 6650758, upload-time = "2026-03-29T13:21:10.949Z" },
    { url = "https://files.pythonhosted.org/packages/6e/6e/795cc078b78a384052e73b2f6281ff7a700e9bf53bcce2ee579d4f6dd879/numpy-2.4.4-cp314-cp314t-manylinux_2_27_aarch64.manylinux_2_28_aarch64.whl", hash = "sha256:c9b39d38a9bd2ae1becd7eac1303d031c5c110ad31f2b319c6e7d98b135c934d", size = 15729948, upload-time = "2026-03-29T13:21:14.047Z" },
    { url = "https://files.pythonhosted.org/packages/5f/86/2acbda8cc2af5f3d7bfc791192863b9e3e19674da7b5e533fded124d1299/numpy-2.4.4-cp314-cp314t-manylinux_2_27_x86_64.manylinux_2_28_x86_64.whl", hash = "sha256:b268594bccac7d7cf5844c7732e3f20c50921d94e36d7ec9b79e9857694b1b2f", size = 16679325, upload-time = "2026-03-29T13:21:17.561Z" },
    { url = "https://files.pythonhosted.org/packages/bc/59/cafd83018f4aa55e0ac6fa92aa066c0a1877b77a615ceff1711c260ffae8/numpy-2.4.4-cp314-cp314t-musllinux_1_2_aarch64.whl", hash = "sha256:ac6b31e35612a26483e20750126d30d0941f949426974cace8e6b5c58a3657b0", size = 17084883, upload-time = "2026-03-29T13:21:21.106Z" },
    { url = "https://files.pythonhosted.org/packages/f0/85/a42548db84e65ece46ab2caea3d3f78b416a47af387fcbb47ec28e660dc2/numpy-2.4.4-cp314-cp314t-musllinux_1_2_x86_64.whl", hash = "sha256:8e3ed142f2728df44263aaf5fb1f5b0b99f4070c553a0d7f033be65338329150", size = 18403474, upload-time = "2026-03-29T13:21:24.828Z" },
    { url = "https://files.pythonhosted.org/packages/ed/ad/483d9e262f4b831000062e5d8a45e342166ec8aaa1195264982bca267e62/numpy-2.4.4-cp314-cp314t-win32.whl", hash = "sha256:dddbbd259598d7240b18c9d87c56a9d2fb3b02fe266f49a7c101532e78c1d871", size = 6155500, upload-time = "2026-03-29T13:21:28.205Z" },
    { url = "https://files.pythonhosted.org/packages/c7/03/2fc4e14c7bd4ff2964b74ba90ecb8552540b6315f201df70f137faa5c589/numpy-2.4.4-cp314-cp314t-win_amd64.whl", hash = "sha256:a7164afb23be6e37ad90b2f10426149fd75aee07ca55653d2aa41e66c4ef697e", size = 12637755, upload-time = "2026-03-29T13:21:31.107Z" },
    { url = "https://files.pythonhosted.org/packages/58/78/548fb8e07b1a341746bfbecb32f2c268470f45fa028aacdbd10d9bc73aab/numpy-2.4.4-cp314-cp314t-win_arm64.whl", hash = "sha256:ba203255017337d39f89bdd58417f03c4426f12beed0440cfd933cb15f8669c7", size = 10566643, upload-time = "2026-03-29T13:21:34.339Z" },
]

[[package]]
name = "pandas"
version = "3.0.2"
source = { registry = "https://pypi.org/simple" }
dependencies = [
    { name = "numpy" },
    { name = "python-dateutil" },
    { name = "tzdata", marker = "sys_platform == 'emscripten' or sys_platform == 'win32'" },
]
sdist = { url = "https://files.pythonhosted.org/packages/da/99/b342345300f13440fe9fe385c3c481e2d9a595ee3bab4d3219247ac94e9a/pandas-3.0.2.tar.gz", hash = "sha256:f4753e73e34c8d83221ba58f232433fca2748be8b18dbca02d242ed153945043", size = 4645855, upload-time = "2026-03-31T06:48:30.816Z" }
wheels = [
    { url = "https://files.pythonhosted.org/packages/bb/40/c6ea527147c73b24fc15c891c3fcffe9c019793119c5742b8784a062c7db/pandas-3.0.2-cp314-cp314-macosx_10_15_x86_64.whl", hash = "sha256:db0dbfd2a6cdf3770aa60464d50333d8f3d9165b2f2671bcc299b72de5a6677b", size = 10326084, upload-time = "2026-03-31T06:47:43.834Z" },
    { url = "https://files.pythonhosted.org/packages/95/25/bdb9326c3b5455f8d4d3549fce7abcf967259de146fe2cf7a82368141948/pandas-3.0.2-cp314-cp314-macosx_11_0_arm64.whl", hash = "sha256:0555c5882688a39317179ab4a0ed41d3ebc8812ab14c69364bbee8fb7a3f6288", size = 9914146, upload-time = "2026-03-31T06:47:46.67Z" },
    { url = "https://files.pythonhosted.org/packages/8d/77/3a227ff3337aa376c60d288e1d61c5d097131d0ac71f954d90a8f369e422/pandas-3.0.2-cp314-cp314-manylinux_2_24_aarch64.manylinux_2_28_aarch64.whl", hash = "sha256:01f31a546acd5574ef77fe199bc90b55527c225c20ccda6601cf6b0fd5ed597c", size = 10444081, upload-time = "2026-03-31T06:47:49.681Z" },
    { url = "https://files.pythonhosted.org/packages/15/88/3cdd54fa279341afa10acf8d2b503556b1375245dccc9315659f795dd2e9/pandas-3.0.2-cp314-cp314-manylinux_2_24_x86_64.manylinux_2_28_x86_64.whl", hash = "sha256:deeca1b5a931fdf0c2212c8a659ade6d3b1edc21f0914ce71ef24456ca7a6535", size = 10897535, upload-time = "2026-03-31T06:47:53.033Z" },
    { url = "https://files.pythonhosted.org/packages/06/9d/98cc7a7624f7932e40f434299260e2917b090a579d75937cb8a57b9d2de3/pandas-3.0.2-cp314-cp314-musllinux_1_2_aarch64.whl", hash = "sha256:0f48afd9bb13300ffb5a3316973324c787054ba6665cda0da3fbd67f451995db", size = 11446992, upload-time = "2026-03-31T06:47:56.193Z" },
    { url = "https://files.pythonhosted.org/packages/9a/cd/19ff605cc3760e80602e6826ddef2824d8e7050ed80f2e11c4b079741dc3/pandas-3.0.2-cp314-cp314-musllinux_1_2_x86_64.whl", hash = "sha256:6c4d8458b97a35717b62469a4ea0e85abd5ed8687277f5ccfc67f8a5126f8c53", size = 11968257, upload-time = "2026-03-31T06:47:59.137Z" },
    { url = "https://files.pythonhosted.org/packages/db/60/aba6a38de456e7341285102bede27514795c1eaa353bc0e7638b6b785356/pandas-3.0.2-cp314-cp314-win_amd64.whl", hash = "sha256:b35d14bb5d8285d9494fe93815a9e9307c0876e10f1e8e89ac5b88f728ec8dcf", size = 9865893, upload-time = "2026-03-31T06:48:02.038Z" },
    { url = "https://files.pythonhosted.org/packages/08/71/e5ec979dd2e8a093dacb8864598c0ff59a0cee0bbcdc0bfec16a51684d4f/pandas-3.0.2-cp314-cp314-win_arm64.whl", hash = "sha256:63d141b56ef686f7f0d714cfb8de4e320475b86bf4b620aa0b7da89af8cbdbbb", size = 9188644, upload-time = "2026-03-31T06:48:05.045Z" },
    { url = "https://files.pythonhosted.org/packages/f1/6c/7b45d85db19cae1eb524f2418ceaa9d85965dcf7b764ed151386b7c540f0/pandas-3.0.2-cp314-cp314t-macosx_10_15_x86_64.whl", hash = "sha256:140f0cffb1fa2524e874dde5b477d9defe10780d8e9e220d259b2c0874c89d9d", size = 10776246, upload-time = "2026-03-31T06:48:07.789Z" },
    { url = "https://files.pythonhosted.org/packages/a8/3e/7b00648b086c106e81766f25322b48aa8dfa95b55e621dbdf2fdd413a117/pandas-3.0.2-cp314-cp314t-macosx_11_0_arm64.whl", hash = "sha256:ae37e833ff4fed0ba352f6bdd8b73ba3ab3256a85e54edfd1ab51ae40cca0af8", size = 10424801, upload-time = "2026-03-31T06:48:10.897Z" },
    { url = "https://files.pythonhosted.org/packages/da/6e/558dd09a71b53b4008e7fc8a98ec6d447e9bfb63cdaeea10e5eb9b2dabe8/pandas-3.0.2-cp314-cp314t-manylinux_2_24_aarch64.manylinux_2_28_aarch64.whl", hash = "sha256:4d888a5c678a419a5bb41a2a93818e8ed9fd3172246555c0b37b7cc27027effd", size = 10345643, upload-time = "2026-03-31T06:48:13.7Z" },
    { url = "https://files.pythonhosted.org/packages/be/e3/921c93b4d9a280409451dc8d07b062b503bbec0531d2627e73a756e99a82/pandas-3.0.2-cp314-cp314t-manylinux_2_24_x86_64.manylinux_2_28_x86_64.whl", hash = "sha256:b444dc64c079e84df91baa8bf613d58405645461cabca929d9178f2cd392398d", size = 10743641, upload-time = "2026-03-31T06:48:16.659Z" },
    { url = "https://files.pythonhosted.org/packages/56/ca/fd17286f24fa3b4d067965d8d5d7e14fe557dd4f979a0b068ac0deaf8228/pandas-3.0.2-cp314-cp314t-musllinux_1_2_aarch64.whl", hash = "sha256:4544c7a54920de8eeacaa1466a6b7268ecfbc9bc64ab4dbb89c6bbe94d5e0660", size = 11361993, upload-time = "2026-03-31T06:48:19.475Z" },
    { url = "https://files.pythonhosted.org/packages/e4/a5/2f6ed612056819de445a433ca1f2821ac3dab7f150d569a59e9cc105de1d/pandas-3.0.2-cp314-cp314t-musllinux_1_2_x86_64.whl", hash = "sha256:734be7551687c00fbd760dc0522ed974f82ad230d4a10f54bf51b80d44a08702", size = 11815274, upload-time = "2026-03-31T06:48:22.695Z" },
    { url = "https://files.pythonhosted.org/packages/00/2f/b622683e99ec3ce00b0854bac9e80868592c5b051733f2cf3a868e5fea26/pandas-3.0.2-cp314-cp314t-win_amd64.whl", hash = "sha256:57a07209bebcbcf768d2d13c9b78b852f9a15978dac41b9e6421a81ad4cdd276", size = 10888530, upload-time = "2026-03-31T06:48:25.806Z" },
    { url = "https://files.pythonhosted.org/packages/cb/2b/f8434233fab2bd66a02ec014febe4e5adced20e2693e0e90a07d118ed30e/pandas-3.0.2-cp314-cp314t-win_arm64.whl", hash = "sha256:5371b72c2d4d415d08765f32d689217a43227484e81b2305b52076e328f6f482", size = 9455341, upload-time = "2026-03-31T06:48:28.418Z" },
]

[[package]]
name = "parso"
version = "0.8.6"
source = { registry = "https://pypi.org/simple" }
sdist = { url = "https://files.pythonhosted.org/packages/81/76/a1e769043c0c0c9fe391b702539d594731a4362334cdf4dc25d0c09761e7/parso-0.8.6.tar.gz", hash = "sha256:2b9a0332696df97d454fa67b81618fd69c35a7b90327cbe6ba5c92d2c68a7bfd", size = 401621, upload-time = "2026-02-09T15:45:24.425Z" }
wheels = [
    { url = "https://files.pythonhosted.org/packages/b6/61/fae042894f4296ec49e3f193aff5d7c18440da9e48102c3315e1bc4519a7/parso-0.8.6-py2.py3-none-any.whl", hash = "sha256:2c549f800b70a5c4952197248825584cb00f033b29c692671d3bf08bf380baff", size = 106894, upload-time = "2026-02-09T15:45:21.391Z" },
]

[[package]]
name = "pexpect"
version = "4.9.0"
source = { registry = "https://pypi.org/simple" }
dependencies = [
    { name = "ptyprocess", marker = "sys_platform != 'emscripten' and sys_platform != 'win32'" },
]
sdist = { url = "https://files.pythonhosted.org/packages/42/92/cc564bf6381ff43ce1f4d06852fc19a2f11d180f23dc32d9588bee2f149d/pexpect-4.9.0.tar.gz", hash = "sha256:ee7d41123f3c9911050ea2c2dac107568dc43b2d3b0c7557a33212c398ead30f", size = 166450, upload-time = "2023-11-25T09:07:26.339Z" }
wheels = [
    { url = "https://files.pythonhosted.org/packages/9e/c3/059298687310d527a58bb01f3b1965787ee3b40dce76752eda8b44e9a2c5/pexpect-4.9.0-py2.py3-none-any.whl", hash = "sha256:7236d1e080e4936be2dc3e326cec0af72acf9212a7e1d060210e70a47e253523", size = 63772, upload-time = "2023-11-25T06:56:14.81Z" },
]

[[package]]
name = "prompt-toolkit"
version = "3.0.52"
source = { registry = "https://pypi.org/simple" }
dependencies = [
    { name = "wcwidth" },
]
sdist = { url = "https://files.pythonhosted.org/packages/a1/96/06e01a7b38dce6fe1db213e061a4602dd6032a8a97ef6c1a862537732421/prompt_toolkit-3.0.52.tar.gz", hash = "sha256:28cde192929c8e7321de85de1ddbe736f1375148b02f2e17edd840042b1be855", size = 434198, upload-time = "2025-08-27T15:24:02.057Z" }
wheels = [
    { url = "https://files.pythonhosted.org/packages/84/03/0d3ce49e2505ae70cf43bc5bb3033955d2fc9f932163e84dc0779cc47f48/prompt_toolkit-3.0.52-py3-none-any.whl", hash = "sha256:9aac639a3bbd33284347de5ad8d68ecc044b91a762dc39b7c21095fcd6a19955", size = 391431, upload-time = "2025-08-27T15:23:59.498Z" },
]

[[package]]
name = "ptyprocess"
version = "0.7.0"
source = { registry = "https://pypi.org/simple" }
sdist = { url = "https://files.pythonhosted.org/packages/20/e5/16ff212c1e452235a90aeb09066144d0c5a6a8c0834397e03f5224495c4e/ptyprocess-0.7.0.tar.gz", hash = "sha256:5c5d0a3b48ceee0b48485e0c26037c0acd7d29765ca3fbb5cb3831d347423220", size = 70762, upload-time = "2020-12-28T15:15:30.155Z" }
wheels = [
    { url = "https://files.pythonhosted.org/packages/22/a6/858897256d0deac81a172289110f31629fc4cee19b6f01283303e18c8db3/ptyprocess-0.7.0-py2.py3-none-any.whl", hash = "sha256:4b41f3967fce3af57cc7e94b888626c18bf37a083e3651ca8feeb66d492fef35", size = 13993, upload-time = "2020-12-28T15:15:28.35Z" },
]

[[package]]
name = "pure-eval"
version = "0.2.3"
source = { registry = "https://pypi.org/simple" }
sdist = { url = "https://files.pythonhosted.org/packages/cd/05/0a34433a064256a578f1783a10da6df098ceaa4a57bbeaa96a6c0352786b/pure_eval-0.2.3.tar.gz", hash = "sha256:5f4e983f40564c576c7c8635ae88db5956bb2229d7e9237d03b3c0b0190eaf42", size = 19752, upload-time = "2024-07-21T12:58:21.801Z" }
wheels = [
    { url = "https://files.pythonhosted.org/packages/8e/37/efad0257dc6e593a18957422533ff0f87ede7c9c6ea010a2177d738fb82f/pure_eval-0.2.3-py3-none-any.whl", hash = "sha256:1db8e35b67b3d218d818ae653e27f06c3aa420901fa7b081ca98cbedc874e0d0", size = 11842, upload-time = "2024-07-21T12:58:20.04Z" },
]

[[package]]
name = "pyarrow"
version = "23.0.1"
source = { registry = "https://pypi.org/simple" }
sdist = { url = "https://files.pythonhosted.org/packages/88/22/134986a4cc224d593c1afde5494d18ff629393d74cc2eddb176669f234a4/pyarrow-23.0.1.tar.gz", hash = "sha256:b8c5873e33440b2bc2f4a79d2b47017a89c5a24116c055625e6f2ee50523f019", size = 1167336, upload-time = "2026-02-16T10:14:12.39Z" }
wheels = [
    { url = "https://files.pythonhosted.org/packages/8d/1b/6da9a89583ce7b23ac611f183ae4843cd3a6cf54f079549b0e8c14031e73/pyarrow-23.0.1-cp314-cp314-macosx_12_0_arm64.whl", hash = "sha256:5df1161da23636a70838099d4aaa65142777185cc0cdba4037a18cee7d8db9ca", size = 34238755, upload-time = "2026-02-16T10:12:32.819Z" },
    { url = "https://files.pythonhosted.org/packages/ae/b5/d58a241fbe324dbaeb8df07be6af8752c846192d78d2272e551098f74e88/pyarrow-23.0.1-cp314-cp314-macosx_12_0_x86_64.whl", hash = "sha256:fa8e51cb04b9f8c9c5ace6bab63af9a1f88d35c0d6cbf53e8c17c098552285e1", size = 35847826, upload-time = "2026-02-16T10:12:38.949Z" },
    { url = "https://files.pythonhosted.org/packages/54/a5/8cbc83f04aba433ca7b331b38f39e000efd9f0c7ce47128670e737542996/pyarrow-23.0.1-cp314-cp314-manylinux_2_28_aarch64.whl", hash = "sha256:0b95a3994f015be13c63148fef8832e8a23938128c185ee951c98908a696e0eb", size = 44536859, upload-time = "2026-02-16T10:12:45.467Z" },
    { url = "https://files.pythonhosted.org/packages/36/2e/c0f017c405fcdc252dbccafbe05e36b0d0eb1ea9a958f081e01c6972927f/pyarrow-23.0.1-cp314-cp314-manylinux_2_28_x86_64.whl", hash = "sha256:4982d71350b1a6e5cfe1af742c53dfb759b11ce14141870d05d9e540d13bc5d1", size = 47614443, upload-time = "2026-02-16T10:12:55.525Z" },
    { url = "https://files.pythonhosted.org/packages/af/6b/2314a78057912f5627afa13ba43809d9d653e6630859618b0fd81a4e0759/pyarrow-23.0.1-cp314-cp314-musllinux_1_2_aarch64.whl", hash = "sha256:c250248f1fe266db627921c89b47b7c06fee0489ad95b04d50353537d74d6886", size = 48232991, upload-time = "2026-02-16T10:13:04.729Z" },
    { url = "https://files.pythonhosted.org/packages/40/f2/1bcb1d3be3460832ef3370d621142216e15a2c7c62602a4ea19ec240dd64/pyarrow-23.0.1-cp314-cp314-musllinux_1_2_x86_64.whl", hash = "sha256:5f4763b83c11c16e5f4c15601ba6dfa849e20723b46aa2617cb4bffe8768479f", size = 50645077, upload-time = "2026-02-16T10:13:14.147Z" },
    { url = "https://files.pythonhosted.org/packages/eb/3f/b1da7b61cd66566a4d4c8383d376c606d1c34a906c3f1cb35c479f59d1aa/pyarrow-23.0.1-cp314-cp314-win_amd64.whl", hash = "sha256:3a4c85ef66c134161987c17b147d6bffdca4566f9a4c1d81a0a01cdf08414ea5", size = 28234271, upload-time = "2026-02-16T10:14:09.397Z" },
    { url = "https://files.pythonhosted.org/packages/b5/78/07f67434e910a0f7323269be7bfbf58699bd0c1d080b18a1ab49ba943fe8/pyarrow-23.0.1-cp314-cp314t-macosx_12_0_arm64.whl", hash = "sha256:17cd28e906c18af486a499422740298c52d7c6795344ea5002a7720b4eadf16d", size = 34488692, upload-time = "2026-02-16T10:13:21.541Z" },
    { url = "https://files.pythonhosted.org/packages/50/76/34cf7ae93ece1f740a04910d9f7e80ba166b9b4ab9596a953e9e62b90fe1/pyarrow-23.0.1-cp314-cp314t-macosx_12_0_x86_64.whl", hash = "sha256:76e823d0e86b4fb5e1cf4a58d293036e678b5a4b03539be933d3b31f9406859f", size = 35964383, upload-time = "2026-02-16T10:13:28.63Z" },
    { url = "https://files.pythonhosted.org/packages/46/90/459b827238936d4244214be7c684e1b366a63f8c78c380807ae25ed92199/pyarrow-23.0.1-cp314-cp314t-manylinux_2_28_aarch64.whl", hash = "sha256:a62e1899e3078bf65943078b3ad2a6ddcacf2373bc06379aac61b1e548a75814", size = 44538119, upload-time = "2026-02-16T10:13:35.506Z" },
    { url = "https://files.pythonhosted.org/packages/28/a1/93a71ae5881e99d1f9de1d4554a87be37da11cd6b152239fb5bd924fdc64/pyarrow-23.0.1-cp314-cp314t-manylinux_2_28_x86_64.whl", hash = "sha256:df088e8f640c9fae3b1f495b3c64755c4e719091caf250f3a74d095ddf3c836d", size = 47571199, upload-time = "2026-02-16T10:13:42.504Z" },
    { url = "https://files.pythonhosted.org/packages/88/a3/d2c462d4ef313521eaf2eff04d204ac60775263f1fb08c374b543f79f610/pyarrow-23.0.1-cp314-cp314t-musllinux_1_2_aarch64.whl", hash = "sha256:46718a220d64677c93bc243af1d44b55998255427588e400677d7192671845c7", size = 48259435, upload-time = "2026-02-16T10:13:49.226Z" },
    { url = "https://files.pythonhosted.org/packages/cc/f1/11a544b8c3d38a759eb3fbb022039117fd633e9a7b19e4841cc3da091915/pyarrow-23.0.1-cp314-cp314t-musllinux_1_2_x86_64.whl", hash = "sha256:a09f3876e87f48bc2f13583ab551f0379e5dfb83210391e68ace404181a20690", size = 50629149, upload-time = "2026-02-16T10:13:57.238Z" },
    { url = "https://files.pythonhosted.org/packages/50/f2/c0e76a0b451ffdf0cf788932e182758eb7558953f4f27f1aff8e2518b653/pyarrow-23.0.1-cp314-cp314t-win_amd64.whl", hash = "sha256:527e8d899f14bd15b740cd5a54ad56b7f98044955373a17179d5956ddb93d9ce", size = 28365807, upload-time = "2026-02-16T10:14:03.892Z" },
]

[[package]]
name = "pygments"
version = "2.20.0"
source = { registry = "https://pypi.org/simple" }
sdist = { url = "https://files.pythonhosted.org/packages/c3/b2/bc9c9196916376152d655522fdcebac55e66de6603a76a02bca1b6414f6c/pygments-2.20.0.tar.gz", hash = "sha256:6757cd03768053ff99f3039c1a36d6c0aa0b263438fcab17520b30a303a82b5f", size = 4955991, upload-time = "2026-03-29T13:29:33.898Z" }
wheels = [
    { url = "https://files.pythonhosted.org/packages/f4/7e/a72dd26f3b0f4f2bf1dd8923c85f7ceb43172af56d63c7383eb62b332364/pygments-2.20.0-py3-none-any.whl", hash = "sha256:81a9e26dd42fd28a23a2d169d86d7ac03b46e2f8b59ed4698fb4785f946d0176", size = 1231151, upload-time = "2026-03-29T13:29:30.038Z" },
]

[[package]]
name = "python-dateutil"
version = "2.9.0.post0"
source = { registry = "https://pypi.org/simple" }
dependencies = [
    { name = "six" },
]
sdist = { url = "https://files.pythonhosted.org/packages/66/c0/0c8b6ad9f17a802ee498c46e004a0eb49bc148f2fd230864601a86dcf6db/python-dateutil-2.9.0.post0.tar.gz", hash = "sha256:37dd54208da7e1cd875388217d5e00ebd4179249f90fb72437e91a35459a0ad3", size = 342432, upload-time = "2024-03-01T18:36:20.211Z" }
wheels = [
    { url = "https://files.pythonhosted.org/packages/ec/57/56b9bcc3c9c6a792fcbaf139543cee77261f3651ca9da0c93f5c1221264b/python_dateutil-2.9.0.post0-py2.py3-none-any.whl", hash = "sha256:a8b2bc7bffae282281c8140a97d3aa9c14da0b136dfe83f850eea9a5f7470427", size = 229892, upload-time = "2024-03-01T18:36:18.57Z" },
]

[[package]]
name = "s3transfer"
version = "0.16.0"
source = { registry = "https://pypi.org/simple" }
dependencies = [
    { name = "botocore" },
]
sdist = { url = "https://files.pythonhosted.org/packages/05/04/74127fc843314818edfa81b5540e26dd537353b123a4edc563109d8f17dd/s3transfer-0.16.0.tar.gz", hash = "sha256:8e990f13268025792229cd52fa10cb7163744bf56e719e0b9cb925ab79abf920", size = 153827, upload-time = "2025-12-01T02:30:59.114Z" }
wheels = [
    { url = "https://files.pythonhosted.org/packages/fc/51/727abb13f44c1fcf6d145979e1535a35794db0f6e450a0cb46aa24732fe2/s3transfer-0.16.0-py3-none-any.whl", hash = "sha256:18e25d66fed509e3868dc1572b3f427ff947dd2c56f844a5bf09481ad3f3b2fe", size = 86830, upload-time = "2025-12-01T02:30:57.729Z" },
]

[[package]]
name = "six"
version = "1.17.0"
source = { registry = "https://pypi.org/simple" }
sdist = { url = "https://files.pythonhosted.org/packages/94/e7/b2c673351809dca68a0e064b6af791aa332cf192da575fd474ed7d6f16a2/six-1.17.0.tar.gz", hash = "sha256:ff70335d468e7eb6ec65b95b99d3a2836546063f63acc5171de367e834932a81", size = 34031, upload-time = "2024-12-04T17:35:28.174Z" }
wheels = [
    { url = "https://files.pythonhosted.org/packages/b7/ce/149a00dd41f10bc29e5921b496af8b574d8413afcd5e30dfa0ed46c2cc5e/six-1.17.0-py2.py3-none-any.whl", hash = "sha256:4721f391ed90541fddacab5acf947aa0d3dc7d27b2e1e8eda2be8970586c3274", size = 11050, upload-time = "2024-12-04T17:35:26.475Z" },
]

[[package]]
name = "sqlglot"
version = "30.4.2"
source = { registry = "https://pypi.org/simple" }
sdist = { url = "https://files.pythonhosted.org/packages/b9/e9/0014221c8caddeeb24801fee95f8c6306db0b2d8baa36e5f843ac9427f2d/sqlglot-30.4.2.tar.gz", hash = "sha256:02775ae2a0c5c16fe307279c9f2cf107c1b7d6724a6f30306acd2a557472a3cd", size = 5827240, upload-time = "2026-04-08T19:50:23.021Z" }
wheels = [
    { url = "https://files.pythonhosted.org/packages/de/fe/1e5289e2e5111d276ff060ae48a2c5795f669b99aeeda0bb005b1815e2c8/sqlglot-30.4.2-py3-none-any.whl", hash = "sha256:f9424479412cabc8f1e7ff9e90a442cd88c6586e8b36cceeb0fc5ca0b8bd3364", size = 670857, upload-time = "2026-04-08T19:50:20.816Z" },
]

[[package]]
name = "stack-data"
version = "0.6.3"
source = { registry = "https://pypi.org/simple" }
dependencies = [
    { name = "asttokens" },
    { name = "executing" },
    { name = "pure-eval" },
]
sdist = { url = "https://files.pythonhosted.org/packages/28/e3/55dcc2cfbc3ca9c29519eb6884dd1415ecb53b0e934862d3559ddcb7e20b/stack_data-0.6.3.tar.gz", hash = "sha256:836a778de4fec4dcd1dcd89ed8abff8a221f58308462e1c4aa2a3cf30148f0b9", size = 44707, upload-time = "2023-09-30T13:58:05.479Z" }
wheels = [
    { url = "https://files.pythonhosted.org/packages/f1/7b/ce1eafaf1a76852e2ec9b22edecf1daa58175c090266e9f6c64afcd81d91/stack_data-0.6.3-py3-none-any.whl", hash = "sha256:d5558e0c25a4cb0853cddad3d77da9891a08cb85dd9f9f91b9f8cd66e511e695", size = 24521, upload-time = "2023-09-30T13:58:03.53Z" },
]

[[package]]
name = "traitlets"
version = "5.14.3"
source = { registry = "https://pypi.org/simple" }
sdist = { url = "https://files.pythonhosted.org/packages/eb/79/72064e6a701c2183016abbbfedaba506d81e30e232a68c9f0d6f6fcd1574/traitlets-5.14.3.tar.gz", hash = "sha256:9ed0579d3502c94b4b3732ac120375cda96f923114522847de4b3bb98b96b6b7", size = 161621, upload-time = "2024-04-19T11:11:49.746Z" }
wheels = [
    { url = "https://files.pythonhosted.org/packages/00/c0/8f5d070730d7836adc9c9b6408dec68c6ced86b304a9b26a14df072a6e8c/traitlets-5.14.3-py3-none-any.whl", hash = "sha256:b74e89e397b1ed28cc831db7aea759ba6640cb3de13090ca145426688ff1ac4f", size = 85359, upload-time = "2024-04-19T11:11:46.763Z" },
]

[[package]]
name = "typing-extensions"
version = "4.15.0"
source = { registry = "https://pypi.org/simple" }
sdist = { url = "https://files.pythonhosted.org/packages/72/94/1a15dd82efb362ac84269196e94cf00f187f7ed21c242792a923cdb1c61f/typing_extensions-4.15.0.tar.gz", hash = "sha256:0cea48d173cc12fa28ecabc3b837ea3cf6f38c6d1136f85cbaaf598984861466", size = 109391, upload-time = "2025-08-25T13:49:26.313Z" }
wheels = [
    { url = "https://files.pythonhosted.org/packages/18/67/36e9267722cc04a6b9f15c7f3441c2363321a3ea07da7ae0c0707beb2a9c/typing_extensions-4.15.0-py3-none-any.whl", hash = "sha256:f0fa19c6845758ab08074a0cfa8b7aecb71c999ca73d62883bc25cc018c4e548", size = 44614, upload-time = "2025-08-25T13:49:24.86Z" },
]

[[package]]
name = "tzdata"
version = "2026.1"
source = { registry = "https://pypi.org/simple" }
sdist = { url = "https://files.pythonhosted.org/packages/19/f5/cd531b2d15a671a40c0f66cf06bc3570a12cd56eef98960068ebbad1bf5a/tzdata-2026.1.tar.gz", hash = "sha256:67658a1903c75917309e753fdc349ac0efd8c27db7a0cb406a25be4840f87f98", size = 197639, upload-time = "2026-04-03T11:25:22.002Z" }
wheels = [
    { url = "https://files.pythonhosted.org/packages/b0/70/d460bd685a170790ec89317e9bd33047988e4bce507b831f5db771e142de/tzdata-2026.1-py2.py3-none-any.whl", hash = "sha256:4b1d2be7ac37ceafd7327b961aa3a54e467efbdb563a23655fbfe0d39cfc42a9", size = 348952, upload-time = "2026-04-03T11:25:20.313Z" },
]

[[package]]
name = "updater"
version = "0.1.0"
source = { editable = "." }
dependencies = [
    { name = "boto3" },
    { name = "duckdb", extra = ["all"] },
    { name = "sqlglot" },
]

[package.metadata]
requires-dist = [
    { name = "boto3", specifier = "==1.42.88" },
    { name = "duckdb", extras = ["all"], specifier = "==1.5.1" },
    { name = "sqlglot", specifier = "==30.4.2" },
]

[[package]]
name = "urllib3"
version = "2.6.3"
source = { registry = "https://pypi.org/simple" }
sdist = { url = "https://files.pythonhosted.org/packages/c7/24/5f1b3bdffd70275f6661c76461e25f024d5a38a46f04aaca912426a2b1d3/urllib3-2.6.3.tar.gz", hash = "sha256:1b62b6884944a57dbe321509ab94fd4d3b307075e0c2eae991ac71ee15ad38ed", size = 435556, upload-time = "2026-01-07T16:24:43.925Z" }
wheels = [
    { url = "https://files.pythonhosted.org/packages/39/08/aaaad47bc4e9dc8c725e68f9d04865dbcb2052843ff09c97b08904852d84/urllib3-2.6.3-py3-none-any.whl", hash = "sha256:bf272323e553dfb2e87d9bfd225ca7b0f467b919d7bbd355436d3fd37cb0acd4", size = 131584, upload-time = "2026-01-07T16:24:42.685Z" },
]

[[package]]
name = "wcwidth"
version = "0.6.0"
source = { registry = "https://pypi.org/simple" }
sdist = { url = "https://files.pythonhosted.org/packages/35/a2/8e3becb46433538a38726c948d3399905a4c7cabd0df578ede5dc51f0ec2/wcwidth-0.6.0.tar.gz", hash = "sha256:cdc4e4262d6ef9a1a57e018384cbeb1208d8abbc64176027e2c2455c81313159", size = 159684, upload-time = "2026-02-06T19:19:40.919Z" }
wheels = [
    { url = "https://files.pythonhosted.org/packages/68/5a/199c59e0a824a3db2b89c5d2dade7ab5f9624dbf6448dc291b46d5ec94d3/wcwidth-0.6.0-py3-none-any.whl", hash = "sha256:1a3a1e510b553315f8e146c54764f4fb6264ffad731b3d78088cdb1478ffbdad", size = 94189, upload-time = "2026-02-06T19:19:39.646Z" },
]
