cel.dev/expr v0.24.0 h1:56OvJKSH3hDGL0ml5uSxZmz3/3Pq4tJ+fb1unVLAFcY=
cel.dev/expr v0.24.0/go.mod h1:hLPLo1W4QUmuYdA72RBX06QTs6MXw941piREPl3Yfiw=
github.com/andybalholm/brotli v1.1.1 h1:PR2pgnyFznKEugtsUo0xLdDop5SKXd5Qf5ysW+7XdTA=
github.com/andybalholm/brotli v1.1.1/go.mod h1:05ib4cKhjx3OQYUY22hTVd34Bc8upXjOLL2rKwwZBoA=
github.com/antlr4-go/antlr/v4 v4.13.1 h1:SqQKkuVZ+zWkMMNkjy5FZe5mr5WURWnlpmOuzYWrPrQ=
github.com/antlr4-go/antlr/v4 v4.13.1/go.mod h1:GKmUxMtwp6ZgGwZSva4eWPC5mS6vUAmOABFgjdkM7Nw=
github.com/apache/arrow-go/v18 v18.3.0 h1:Xq4A6dZj9Nu33sqZibzn012LNnewkTUlfKVUFD/RX/I=
github.com/apache/arrow-go/v18 v18.3.0/go.mod h1:eEM1DnUTHhgGAjf/ChvOAQbUQ+EPohtDrArffvUjPg8=
github.com/apache/thrift v0.21.0 h1:tdPmh/ptjE1IJnhbhrcl2++TauVjy242rkV/UzJChnE=
github.com/apache/thrift v0.21.0/go.mod h1:W1H8aR/QRtYNvrPeFXBtobyRkd0/YVhTc6i07XIAgDw=
github.com/aws/aws-sdk-go-v2 v1.36.5 h1:0OF9RiEMEdDdZEMqF9MRjevyxAQcf6gY+E7vwBILFj0=
github.com/aws/aws-sdk-go-v2 v1.36.5/go.mod h1:EYrzvCCN9CMUTa5+6lf6MM4tq3Zjp8UhSGR/cBsjai0=
github.com/aws/aws-sdk-go-v2/aws/protocol/eventstream v1.6.11 h1:12SpdwU8Djs+YGklkinSSlcrPyj3H4VifVsKf78KbwA=
github.com/aws/aws-sdk-go-v2/aws/protocol/eventstream v1.6.11/go.mod h1:dd+Lkp6YmMryke+qxW/VnKyhMBDTYP41Q2Bb+6gNZgY=
github.com/aws/aws-sdk-go-v2/config v1.29.17 h1:jSuiQ5jEe4SAMH6lLRMY9OVC+TqJLP5655pBGjmnjr0=
github.com/aws/aws-sdk-go-v2/config v1.29.17/go.mod h1:9P4wwACpbeXs9Pm9w1QTh6BwWwJjwYvJ1iCt5QbCXh8=
github.com/aws/aws-sdk-go-v2/credentials v1.17.70 h1:ONnH5CM16RTXRkS8Z1qg7/s2eDOhHhaXVd72mmyv4/0=
github.com/aws/aws-sdk-go-v2/credentials v1.17.70/go.mod h1:M+lWhhmomVGgtuPOhO85u4pEa3SmssPTdcYpP/5J/xc=
github.com/aws/aws-sdk-go-v2/feature/ec2/imds v1.16.32 h1:KAXP9JSHO1vKGCr5f4O6WmlVKLFFXgWYAGoJosorxzU=
github.com/aws/aws-sdk-go-v2/feature/ec2/imds v1.16.32/go.mod h1:h4Sg6FQdexC1yYG9RDnOvLbW1a/P986++/Y/a+GyEM8=
github.com/aws/aws-sdk-go-v2/internal/configsources v1.3.36 h1:SsytQyTMHMDPspp+spo7XwXTP44aJZZAC7fBV2C5+5s=
github.com/aws/aws-sdk-go-v2/internal/configsources v1.3.36/go.mod h1:Q1lnJArKRXkenyog6+Y+zr7WDpk4e6XlR6gs20bbeNo=
github.com/aws/aws-sdk-go-v2/internal/endpoints/v2 v2.6.36 h1:i2vNHQiXUvKhs3quBR6aqlgJaiaexz/aNvdCktW/kAM=
github.com/aws/aws-sdk-go-v2/internal/endpoints/v2 v2.6.36/go.mod h1:UdyGa7Q91id/sdyHPwth+043HhmP6yP9MBHgbZM0xo8=
github.com/aws/aws-sdk-go-v2/internal/ini v1.8.3 h1:bIqFDwgGXXN1Kpp99pDOdKMTTb5d2KyU5X/BZxjOkRo=
github.com/aws/aws-sdk-go-v2/internal/ini v1.8.3/go.mod h1:H5O/EsxDWyU+LP/V8i5sm8cxoZgc2fdNR9bxlOFrQTo=
github.com/aws/aws-sdk-go-v2/internal/v4a v1.3.36 h1:GMYy2EOWfzdP3wfVAGXBNKY5vK4K8vMET4sYOYltmqs=
github.com/aws/aws-sdk-go-v2/internal/v4a v1.3.36/go.mod h1:gDhdAV6wL3PmPqBhiPbnlS447GoWs8HTTOYef9/9Inw=
github.com/aws/aws-sdk-go-v2/service/internal/accept-encoding v1.12.4 h1:CXV68E2dNqhuynZJPB80bhPQwAKqBWVer887figW6Jc=
github.com/aws/aws-sdk-go-v2/service/internal/accept-encoding v1.12.4/go.mod h1:/xFi9KtvBXP97ppCz1TAEvU1Uf66qvid89rbem3wCzQ=
github.com/aws/aws-sdk-go-v2/service/internal/checksum v1.7.4 h1:nAP2GYbfh8dd2zGZqFRSMlq+/F6cMPBUuCsGAMkN074=
github.com/aws/aws-sdk-go-v2/service/internal/checksum v1.7.4/go.mod h1:LT10DsiGjLWh4GbjInf9LQejkYEhBgBCjLG5+lvk4EE=
github.com/aws/aws-sdk-go-v2/service/internal/presigned-url v1.12.17 h1:t0E6FzREdtCsiLIoLCWsYliNsRBgyGD/MCK571qk4MI=
github.com/aws/aws-sdk-go-v2/service/internal/presigned-url v1.12.17/go.mod h1:ygpklyoaypuyDvOM5ujWGrYWpAK3h7ugnmKCU/76Ys4=
github.com/aws/aws-sdk-go-v2/service/internal/s3shared v1.18.17 h1:qcLWgdhq45sDM9na4cvXax9dyLitn8EYBRl8Ak4XtG4=
github.com/aws/aws-sdk-go-v2/service/internal/s3shared v1.18.17/go.mod h1:M+jkjBFZ2J6DJrjMv2+vkBbuht6kxJYtJiwoVgX4p4U=
github.com/aws/aws-sdk-go-v2/service/s3 v1.81.0 h1:1GmCadhKR3J2sMVKs2bAYq9VnwYeCqfRyZzD4RASGlA=
github.com/aws/aws-sdk-go-v2/service/s3 v1.81.0/go.mod h1:kUklwasNoCn5YpyAqC/97r6dzTA1SRKJfKq16SXeoDU=
github.com/aws/aws-sdk-go-v2/service/sso v1.25.5 h1:AIRJ3lfb2w/1/8wOOSqYb9fUKGwQbtysJ2H1MofRUPg=
github.com/aws/aws-sdk-go-v2/service/sso v1.25.5/go.mod h1:b7SiVprpU+iGazDUqvRSLf5XmCdn+JtT1on7uNL6Ipc=
github.com/aws/aws-sdk-go-v2/service/ssooidc v1.30.3 h1:BpOxT3yhLwSJ77qIY3DoHAQjZsc4HEGfMCE4NGy3uFg=
github.com/aws/aws-sdk-go-v2/service/ssooidc v1.30.3/go.mod h1:vq/GQR1gOFLquZMSrxUK/cpvKCNVYibNyJ1m7JrU88E=
github.com/aws/aws-sdk-go-v2/service/sts v1.34.0 h1:NFOJ/NXEGV4Rq//71Hs1jC/NvPs1ezajK+yQmkwnPV0=
github.com/aws/aws-sdk-go-v2/service/sts v1.34.0/go.mod h1:7ph2tGpfQvwzgistp2+zga9f+bCjlQJPkPUmMgDSD7w=
github.com/aws/smithy-go v1.22.4 h1:uqXzVZNuNexwc/xrh6Tb56u89WDlJY6HS+KC0S4QSjw=
github.com/aws/smithy-go v1.22.4/go.mod h1:t1ufH5HMublsJYulve2RKmHDC15xu1f26kHCp/HgceI=
github.com/davecgh/go-spew v1.1.0/go.mod h1:J7Y8YcW2NihsgmVo/mv3lAwl/skON4iLHjSsI+c5H38=
github.com/davecgh/go-spew v1.1.1 h1:vj9j/u1bqnvCEfJOwUhtlOARqs3+rkHYY13jYWTU97c=
github.com/davecgh/go-spew v1.1.1/go.mod h1:J7Y8YcW2NihsgmVo/mv3lAwl/skON4iLHjSsI+c5H38=
github.com/duckdb/duckdb-go-bindings v0.1.16 h1:XPCk9hzP06PoWIxDPVU3gAy0m1XmLaZHTzLggNx/U9k=
github.com/duckdb/duckdb-go-bindings v0.1.16/go.mod h1:pBnfviMzANT/9hi4bg+zW4ykRZZPCXlVuvBWEcZofkc=
github.com/duckdb/duckdb-go-bindings/darwin-amd64 v0.1.11 h1:GXQkG4HmEbwPtqCSabJTp9wZQQ7Gqr3KveLNesQWQOs=
github.com/duckdb/duckdb-go-bindings/darwin-amd64 v0.1.11/go.mod h1:Ezo7IbAfB8NP7CqPIN8XEHKUg5xdRRQhcPPlCXImXYA=
github.com/duckdb/duckdb-go-bindings/darwin-arm64 v0.1.11 h1:ATJMSBIDA/YAm/6CKeBDRtGK1OOwqfTZbWg9Y5fAc9E=
github.com/duckdb/duckdb-go-bindings/darwin-arm64 v0.1.11/go.mod h1:eS7m/mLnPQgVF4za1+xTyorKRBuK0/BA44Oy6DgrGXI=
github.com/duckdb/duckdb-go-bindings/linux-amd64 v0.1.11 h1:AjvnGst1avyOECYiykthyHR4DTYTaqNDPr5W/0t5j0k=
github.com/duckdb/duckdb-go-bindings/linux-amd64 v0.1.11/go.mod h1:1GOuk1PixiESxLaCGFhag+oFi7aP+9W8byymRAvunBk=
github.com/duckdb/duckdb-go-bindings/linux-arm64 v0.1.11 h1:j3B1biawuhtxe2Chkiqcwf1Kxe8VJc8lLVmjBIcJrkI=
github.com/duckdb/duckdb-go-bindings/linux-arm64 v0.1.11/go.mod h1:o7crKMpT2eOIi5/FY6HPqaXcvieeLSqdXXaXbruGX7w=
github.com/duckdb/duckdb-go-bindings/windows-amd64 v0.1.11 h1:xR3vRE8y+48U6xDNkUlOfbl7/OTA7FVcDXJ+5vETuHU=
github.com/duckdb/duckdb-go-bindings/windows-amd64 v0.1.11/go.mod h1:IlOhJdVKUJCAPj3QsDszUo8DVdvp1nBFp4TUJVdw99s=
github.com/go-viper/mapstructure/v2 v2.3.0 h1:27XbWsHIqhbdR5TIC911OfYvgSaW93HM+dX7970Q7jk=
github.com/go-viper/mapstructure/v2 v2.3.0/go.mod h1:oJDH3BJKyqBA2TXFhDsKDGDTlndYOZ6rGS0BRZIxGhM=
github.com/goccy/go-json v0.10.5 h1:Fq85nIqj+gXn/S5ahsiTlK3TmC85qgirsdTP/+DeaC4=
github.com/goccy/go-json v0.10.5/go.mod h1:oq7eo15ShAhp70Anwd5lgX2pLfOS3QCiwU/PULtXL6M=
github.com/golang/snappy v1.0.0 h1:Oy607GVXHs7RtbggtPBnr2RmDArIsAefDwvrdWvRhGs=
github.com/golang/snappy v1.0.0/go.mod h1:/XxbfmMg8lxefKM7IXC3fBNl/7bRcc72aCRzEWrmP2Q=
github.com/google/cel-go v0.25.0 h1:jsFw9Fhn+3y2kBbltZR4VEz5xKkcIFRPDnuEzAGv5GY=
github.com/google/cel-go v0.25.0/go.mod h1:hjEb6r5SuOSlhCHmFoLzu8HGCERvIsDAbxDAyNU/MmI=
github.com/google/flatbuffers v25.2.10+incompatible h1:F3vclr7C3HpB1k9mxCGRMXq6FdUalZ6H/pNX4FP1v0Q=
github.com/google/flatbuffers v25.2.10+incompatible/go.mod h1:1AeVuKshWv4vARoZatz6mlQ0JxURH0Kv5+zNeJKJCa8=
github.com/google/go-cmp v0.6.0 h1:ofyhxvXcZhMsU5ulbFiLKl/XBFqE1GSq7atu8tAmTRI=
github.com/google/go-cmp v0.6.0/go.mod h1:17dUlkBOakJ0+DkrSSNjCkIjxS6bF9zb3elmeNGIjoY=
github.com/google/uuid v1.6.0 h1:NIvaJDMOsjHA8n1jAhLSgzrAzy1Hgr+hNrb57e+94F0=
github.com/google/uuid v1.6.0/go.mod h1:TIyPZe4MgqvfeYDBFedMoGGpEw/LqOeaOT+nhxU+yHo=
github.com/klauspost/asmfmt v1.3.2 h1:4Ri7ox3EwapiOjCki+hw14RyKk201CN4rzyCJRFLpK4=
github.com/klauspost/asmfmt v1.3.2/go.mod h1:AG8TuvYojzulgDAMCnYn50l/5QV3Bs/tp6j0HLHbNSE=
github.com/klauspost/compress v1.18.0 h1:c/Cqfb0r+Yi+JtIEq73FWXVkRonBlf0CRNYc8Zttxdo=
github.com/klauspost/compress v1.18.0/go.mod h1:2Pp+KzxcywXVXMr50+X0Q/Lsb43OQHYWRCY2AiWywWQ=
github.com/klauspost/cpuid/v2 v2.2.10 h1:tBs3QSyvjDyFTq3uoc/9xFpCuOsJQFNPiAhYdw2skhE=
github.com/klauspost/cpuid/v2 v2.2.10/go.mod h1:hqwkgyIinND0mEev00jJYCxPNVRVXFQeu1XKlok6oO0=
github.com/marcboeker/go-duckdb/arrowmapping v0.0.9 h1:xj+kFOqR2gH3Mcxx9LmAVHebSnCiPm303N+uxfkWVmY=
github.com/marcboeker/go-duckdb/arrowmapping v0.0.9/go.mod h1:o56AqVS90v5bpxhPnOK9La7AfNTOrMORiqTQrlRbdPQ=
github.com/marcboeker/go-duckdb/mapping v0.0.10 h1:b/y2W8/hNlD0Dwjq0mCqIlLXpjQMnWy0WqDV9b9lHQQ=
github.com/marcboeker/go-duckdb/mapping v0.0.10/go.mod h1:Ro6Tw6sGG50O8S0daZsA8TrQJz/DvGrzGvMD7Jihirw=
github.com/marcboeker/go-duckdb/v2 v2.3.2 h1:96zG2JPyIhCFjHdBjjSpOdhzJzehoGTdl7LskkuMUTs=
github.com/marcboeker/go-duckdb/v2 v2.3.2/go.mod h1:VeXz9ZM6klNvICHrXEUzaHSgNqBeTdyMxr4CICw/UaY=
github.com/minio/asm2plan9s v0.0.0-20200509001527-cdd76441f9d8 h1:AMFGa4R4MiIpspGNG7Z948v4n35fFGB3RR3G/ry4FWs=
github.com/minio/asm2plan9s v0.0.0-20200509001527-cdd76441f9d8/go.mod h1:mC1jAcsrzbxHt8iiaC+zU4b1ylILSosueou12R++wfY=
github.com/minio/c2goasm v0.0.0-20190812172519-36a3d3bbc4f3 h1:+n/aFZefKZp7spd8DFdX7uMikMLXX4oubIzJF4kv/wI=
github.com/minio/c2goasm v0.0.0-20190812172519-36a3d3bbc4f3/go.mod h1:RagcQ7I8IeTMnF8JTXieKnO4Z6JCsikNEzj0DwauVzE=
github.com/pierrec/lz4/v4 v4.1.22 h1:cKFw6uJDK+/gfw5BcDL0JL5aBsAFdsIT18eRtLj7VIU=
github.com/pierrec/lz4/v4 v4.1.22/go.mod h1:gZWDp/Ze/IJXGXf23ltt2EXimqmTUXEy0GFuRQyBid4=
github.com/pmezard/go-difflib v1.0.0 h1:4DBwDE0NGyQoBHbLQYPwSUPoCMWR5BEzIk/f1lZbAQM=
github.com/pmezard/go-difflib v1.0.0/go.mod h1:iKH77koFhYxTK1pcRnkKkqfTogsbg7gZNVY4sRDYZ/4=
github.com/stoewer/go-strcase v1.3.0 h1:g0eASXYtp+yvN9fK8sH94oCIk0fau9uV1/ZdJ0AVEzs=
github.com/stoewer/go-strcase v1.3.0/go.mod h1:fAH5hQ5pehh+j3nZfvwdk2RgEgQjAoM8wodgtPmh1xo=
github.com/stretchr/objx v0.1.0/go.mod h1:HFkY916IF+rwdDfMAkV7OtwuqBVzrE8GR6GFx+wExME=
github.com/stretchr/objx v0.4.0/go.mod h1:YvHI0jy2hoMjB+UWwv71VJQ9isScKT/TqJzVSSt89Yw=
github.com/stretchr/objx v0.5.0/go.mod h1:Yh+to48EsGEfYuaHDzXPcE3xhTkx73EhmCGUpEOglKo=
github.com/stretchr/testify v1.7.1/go.mod h1:6Fq8oRcR53rry900zMqJjRRixrwX3KX962/h/Wwjteg=
github.com/stretchr/testify v1.8.0/go.mod h1:yNjHg4UonilssWZ8iaSj1OCr/vHnekPRkoO+kdMU+MU=
github.com/stretchr/testify v1.8.1/go.mod h1:w2LPCIKwWwSfY2zedu0+kehJoqGctiVI29o6fzry7u4=
github.com/stretchr/testify v1.10.0 h1:Xv5erBjTwe/5IxqUQTdXv5kgmIvbHo3QQyRwhJsOfJA=
github.com/stretchr/testify v1.10.0/go.mod h1:r2ic/lqez/lEtzL7wO/rwa5dbSLXVDPFyf8C91i36aY=
github.com/zeebo/assert v1.3.0 h1:g7C04CbJuIDKNPFHmsk4hwZDO5O+kntRxzaUoNXj+IQ=
github.com/zeebo/assert v1.3.0/go.mod h1:Pq9JiuJQpG8JLJdtkwrJESF0Foym2/D9XMU5ciN/wJ0=
github.com/zeebo/xxh3 v1.0.2 h1:xZmwmqxHZA8AI603jOQ0tMqmBr9lPeFwGg6d+xy9DC0=
github.com/zeebo/xxh3 v1.0.2/go.mod h1:5NWz9Sef7zIDm2JHfFlcQvNekmcEl9ekUZQQKCYaDcA=
golang.org/x/exp v0.0.0-20250606033433-dcc06ee1d476 h1:bsqhLWFR6G6xiQcb+JoGqdKdRU6WzPWmK8E0jxTjzo4=
golang.org/x/exp v0.0.0-20250606033433-dcc06ee1d476/go.mod h1:3//PLf8L/X+8b4vuAfHzxeRUl04Adcb341+IGKfnqS8=
golang.org/x/mod v0.25.0 h1:n7a+ZbQKQA/Ysbyb0/6IbB1H/X41mKgbhfv7AfG/44w=
golang.org/x/mod v0.25.0/go.mod h1:IXM97Txy2VM4PJ3gI61r1YEk/gAj6zAHN3AdZt6S9Ww=
golang.org/x/sync v0.15.0 h1:KWH3jNZsfyT6xfAfKiz6MRNmd46ByHDYaZ7KSkCtdW8=
golang.org/x/sync v0.15.0/go.mod h1:1dzgHSNfp02xaA81J2MS99Qcpr2w7fw1gpm99rleRqA=
golang.org/x/sys v0.33.0 h1:q3i8TbbEz+JRD9ywIRlyRAQbM0qF7hu24q3teo2hbuw=
golang.org/x/sys v0.33.0/go.mod h1:BJP2sWEmIv4KK5OTEluFJCKSidICx8ciO85XgH3Ak8k=
golang.org/x/text v0.24.0 h1:dd5Bzh4yt5KYA8f9CJHCP4FB4D51c2c6JvN37xJJkJ0=
golang.org/x/text v0.24.0/go.mod h1:L8rBsPeo2pSS+xqN0d5u2ikmjtmoJbDBT1b7nHvFCdU=
golang.org/x/tools v0.34.0 h1:qIpSLOxeCYGg9TrcJokLBG4KFA6d795g0xkBkiESGlo=
golang.org/x/tools v0.34.0/go.mod h1:pAP9OwEaY1CAW3HOmg3hLZC5Z0CCmzjAF2UQMSqNARg=
golang.org/x/xerrors v0.0.0-20240903120638-7835f813f4da h1:noIWHXmPHxILtqtCOPIhSt0ABwskkZKjD3bXGnZGpNY=
golang.org/x/xerrors v0.0.0-20240903120638-7835f813f4da/go.mod h1:NDW/Ps6MPRej6fsCIbMTohpP40sJ/P/vI1MoTEGwX90=
gonum.org/v1/gonum v0.16.0 h1:5+ul4Swaf3ESvrOnidPp4GZbzf0mxVQpDCYUQE7OJfk=
gonum.org/v1/gonum v0.16.0/go.mod h1:fef3am4MQ93R2HHpKnLk4/Tbh/s0+wqD5nfa6Pnwy4E=
google.golang.org/genproto/googleapis/api v0.0.0-20250603155806-513f23925822 h1:oWVWY3NzT7KJppx2UKhKmzPq4SRe0LdCijVRwvGeikY=
google.golang.org/genproto/googleapis/api v0.0.0-20250603155806-513f23925822/go.mod h1:h3c4v36UTKzUiuaOKQ6gr3S+0hovBtUrXzTG/i3+XEc=
google.golang.org/genproto/googleapis/rpc v0.0.0-20250603155806-513f23925822 h1:fc6jSaCT0vBduLYZHYrBBNY4dsWuvgyff9noRNDdBeE=
google.golang.org/genproto/googleapis/rpc v0.0.0-20250603155806-513f23925822/go.mod h1:qQ0YXyHHx3XkvlzUtpXDkS29lDSafHMZBAZDc03LQ3A=
google.golang.org/protobuf v1.36.6 h1:z1NpPI8ku2WgiWnf+t9wTPsn6eP1L7ksHUlkfLvd9xY=
google.golang.org/protobuf v1.36.6/go.mod h1:jduwjTPXsFjZGTmRluh+L6NjiWu7pchiJ2/5YcXBHnY=
gopkg.in/check.v1 v0.0.0-20161208181325-20d25e280405/go.mod h1:Co6ibVJAznAaIkqp8huTwlJQCZ016jof/cbN4VW5Yz0=
gopkg.in/yaml.v3 v3.0.0-20200313102051-9f266ea9e77c/go.mod h1:K4uyk7z7BCEPqu6E+C64Yfv1cQ7kz7rIZviUmN+EgEM=
gopkg.in/yaml.v3 v3.0.1 h1:fxVm/GzAzEWqLHuvctI91KS9hhNmmWOoWu0XTYJS7CA=
gopkg.in/yaml.v3 v3.0.1/go.mod h1:K4uyk7z7BCEPqu6E+C64Yfv1cQ7kz7rIZviUmN+EgEM=
